// !$*UTF8*$!
{
	archiveVersion = 1;
	classes = {
	};
	objectVersion = 55;
	objects = {

/* Begin PBXBuildFile section */
		3E6C9412286809B60008502A /* hikeData.json in Resources */ = {isa = PBXBuildFile; fileRef = 3E6C9411286809B60008502A /* hikeData.json */; };
		3E6C941428680A0D0008502A /* Hike.swift in Sources */ = {isa = PBXBuildFile; fileRef = 3E6C941328680A0D0008502A /* Hike.swift */; };
		3E6C941A28680A7B0008502A /* GraphCapsule.swift in Sources */ = {isa = PBXBuildFile; fileRef = 3E6C941628680A7B0008502A /* GraphCapsule.swift */; };
		3E6C941B28680A7B0008502A /* HikeGraph.swift in Sources */ = {isa = PBXBuildFile; fileRef = 3E6C941728680A7B0008502A /* HikeGraph.swift */; };
		3E6C941C28680A7B0008502A /* HikeDetail.swift in Sources */ = {isa = PBXBuildFile; fileRef = 3E6C941828680A7B0008502A /* HikeDetail.swift */; };
		3E6C941D28680A7B0008502A /* HikeView.swift in Sources */ = {isa = PBXBuildFile; fileRef = 3E6C941928680A7B0008502A /* HikeView.swift */; };
		FF2EC0BE2838C9E100F63936 /* HexagonParameters.swift in Sources */ = {isa = PBXBuildFile; fileRef = FF2EC0BD2838C9E100F63936 /* HexagonParameters.swift */; };
		FF2EC0C02838CA1C00F63936 /* BadgeBackground.swift in Sources */ = {isa = PBXBuildFile; fileRef = FF2EC0BF2838CA1C00F63936 /* BadgeBackground.swift */; };
		FF2EC0C22838CA7300F63936 /* BadgeSymbol.swift in Sources */ = {isa = PBXBuildFile; fileRef = FF2EC0C12838CA7300F63936 /* BadgeSymbol.swift */; };
		FF2EC0C42838CB1E00F63936 /* RotatedBadgeSymbol.swift in Sources */ = {isa = PBXBuildFile; fileRef = FF2EC0C32838CB1E00F63936 /* RotatedBadgeSymbol.swift */; };
		FF2EC0C62838CB5700F63936 /* Badge.swift in Sources */ = {isa = PBXBuildFile; fileRef = FF2EC0C52838CB5700F63936 /* Badge.swift */; };
		FF3363AE2817AFCC000368A4 /* LandmarksApp.swift in Sources */ = {isa = PBXBuildFile; fileRef = FF3363AD2817AFCC000368A4 /* LandmarksApp.swift */; };
		FF3363B02817AFCC000368A4 /* ContentView.swift in Sources */ = {isa = PBXBuildFile; fileRef = FF3363AF2817AFCC000368A4 /* ContentView.swift */; };
		FF3363B22817AFD1000368A4 /* Assets.xcassets in Resources */ = {isa = PBXBuildFile; fileRef = FF3363B12817AFD1000368A4 /* Assets.xcassets */; };
		FF3363B52817AFD1000368A4 /* Preview Assets.xcassets in Resources */ = {isa = PBXBuildFile; fileRef = FF3363B42817AFD1000368A4 /* Preview Assets.xcassets */; };
		FF3363BC2817B953000368A4 /* CircleImage.swift in Sources */ = {isa = PBXBuildFile; fileRef = FF3363BB2817B953000368A4 /* CircleImage.swift */; };
		FF3363BE2817CA94000368A4 /* MapView.swift in Sources */ = {isa = PBXBuildFile; fileRef = FF3363BD2817CA94000368A4 /* MapView.swift */; };
		FF3363DA2817EEE2000368A4 /* landmarkData.json in Resources */ = {isa = PBXBuildFile; fileRef = FF3363D92817EEE2000368A4 /* landmarkData.json */; };
		FF3363DC2817EF08000368A4 /* Landmark.swift in Sources */ = {isa = PBXBuildFile; fileRef = FF3363DB2817EF08000368A4 /* Landmark.swift */; };
		FF3363DE2817F0D5000368A4 /* ModelData.swift in Sources */ = {isa = PBXBuildFile; fileRef = FF3363DD2817F0D5000368A4 /* ModelData.swift */; };
		FF3363E32817F214000368A4 /* LandmarkRow.swift in Sources */ = {isa = PBXBuildFile; fileRef = FF3363E22817F214000368A4 /* LandmarkRow.swift */; };
		FF3363E52818FA86000368A4 /* LandmarkList.swift in Sources */ = {isa = PBXBuildFile; fileRef = FF3363E42818FA86000368A4 /* LandmarkList.swift */; };
		FF3363E72818FBEC000368A4 /* LandmarkDetail.swift in Sources */ = {isa = PBXBuildFile; fileRef = FF3363E62818FBEC000368A4 /* LandmarkDetail.swift */; };
		FF7C62492835156A00B8FFE9 /* FavoriteButton.swift in Sources */ = {isa = PBXBuildFile; fileRef = FF7C62482835156A00B8FFE9 /* FavoriteButton.swift */; };
/* End PBXBuildFile section */

/* Begin PBXFileReference section */
		3E6C9411286809B60008502A /* hikeData.json */ = {isa = PBXFileReference; fileEncoding = 4; lastKnownFileType = text.json; path = hikeData.json; sourceTree = "<group>"; };
		3E6C941328680A0D0008502A /* Hike.swift */ = {isa = PBXFileReference; lastKnownFileType = sourcecode.swift; path = Hike.swift; sourceTree = "<group>"; };
		3E6C941628680A7B0008502A /* GraphCapsule.swift */ = {isa = PBXFileReference; fileEncoding = 4; lastKnownFileType = sourcecode.swift; path = GraphCapsule.swift; sourceTree = "<group>"; };
		3E6C941728680A7B0008502A /* HikeGraph.swift */ = {isa = PBXFileReference; fileEncoding = 4; lastKnownFileType = sourcecode.swift; path = HikeGraph.swift; sourceTree = "<group>"; };
		3E6C941828680A7B0008502A /* HikeDetail.swift */ = {isa = PBXFileReference; fileEncoding = 4; lastKnownFileType = sourcecode.swift; path = HikeDetail.swift; sourceTree = "<group>"; };
		3E6C941928680A7B0008502A /* HikeView.swift */ = {isa = PBXFileReference; fileEncoding = 4; lastKnownFileType = sourcecode.swift; path = HikeView.swift; sourceTree = "<group>"; };
		FF2EC0BD2838C9E100F63936 /* HexagonParameters.swift */ = {isa = PBXFileReference; lastKnownFileType = sourcecode.swift; path = HexagonParameters.swift; sourceTree = "<group>"; };
		FF2EC0BF2838CA1C00F63936 /* BadgeBackground.swift */ = {isa = PBXFileReference; lastKnownFileType = sourcecode.swift; path = BadgeBackground.swift; sourceTree = "<group>"; };
		FF2EC0C12838CA7300F63936 /* BadgeSymbol.swift */ = {isa = PBXFileReference; lastKnownFileType = sourcecode.swift; path = BadgeSymbol.swift; sourceTree = "<group>"; };
		FF2EC0C32838CB1E00F63936 /* RotatedBadgeSymbol.swift */ = {isa = PBXFileReference; lastKnownFileType = sourcecode.swift; path = RotatedBadgeSymbol.swift; sourceTree = "<group>"; };
		FF2EC0C52838CB5700F63936 /* Badge.swift */ = {isa = PBXFileReference; lastKnownFileType = sourcecode.swift; path = Badge.swift; sourceTree = "<group>"; };
		FF3363AA2817AFCC000368A4 /* Landmarks.app */ = {isa = PBXFileReference; explicitFileType = wrapper.application; includeInIndex = 0; path = Landmarks.app; sourceTree = BUILT_PRODUCTS_DIR; };
		FF3363AD2817AFCC000368A4 /* LandmarksApp.swift */ = {isa = PBXFileReference; lastKnownFileType = sourcecode.swift; path = LandmarksApp.swift; sourceTree = "<group>"; };
		FF3363AF2817AFCC000368A4 /* ContentView.swift */ = {isa = PBXFileReference; lastKnownFileType = sourcecode.swift; path = ContentView.swift; sourceTree = "<group>"; };
		FF3363B12817AFD1000368A4 /* Assets.xcassets */ = {isa = PBXFileReference; lastKnownFileType = folder.assetcatalog; path = Assets.xcassets; sourceTree = "<group>"; };
		FF3363B42817AFD1000368A4 /* Preview Assets.xcassets */ = {isa = PBXFileReference; lastKnownFileType = folder.assetcatalog; path = "Preview Assets.xcassets"; sourceTree = "<group>"; };
		FF3363BB2817B953000368A4 /* CircleImage.swift */ = {isa = PBXFileReference; lastKnownFileType = sourcecode.swift; path = CircleImage.swift; sourceTree = "<group>"; };
		FF3363BD2817CA94000368A4 /* MapView.swift */ = {isa = PBXFileReference; lastKnownFileType = sourcecode.swift; path = MapView.swift; sourceTree = "<group>"; };
		FF3363D92817EEE2000368A4 /* landmarkData.json */ = {isa = PBXFileReference; fileEncoding = 4; lastKnownFileType = text.json; path = landmarkData.json; sourceTree = "<group>"; };
		FF3363DB2817EF08000368A4 /* Landmark.swift */ = {isa = PBXFileReference; lastKnownFileType = sourcecode.swift; path = Landmark.swift; sourceTree = "<group>"; };
		FF3363DD2817F0D5000368A4 /* ModelData.swift */ = {isa = PBXFileReference; lastKnownFileType = sourcecode.swift; path = ModelData.swift; sourceTree = "<group>"; };
		FF3363E22817F214000368A4 /* LandmarkRow.swift */ = {isa = PBXFileReference; lastKnownFileType = sourcecode.swift; path = LandmarkRow.swift; sourceTree = "<group>"; };
		FF3363E42818FA86000368A4 /* LandmarkList.swift */ = {isa = PBXFileReference; lastKnownFileType = sourcecode.swift; path = LandmarkList.swift; sourceTree = "<group>"; };
		FF3363E62818FBEC000368A4 /* LandmarkDetail.swift */ = {isa = PBXFileReference; lastKnownFileType = sourcecode.swift; path = LandmarkDetail.swift; sourceTree = "<group>"; };
		FF7C62482835156A00B8FFE9 /* FavoriteButton.swift */ = {isa = PBXFileReference; lastKnownFileType = sourcecode.swift; path = FavoriteButton.swift; sourceTree = "<group>"; };
/* End PBXFileReference section */

/* Begin PBXFrameworksBuildPhase section */
		FF3363A72817AFCC000368A4 /* Frameworks */ = {
			isa = PBXFrameworksBuildPhase;
			buildActionMask = 2147483647;
			files = (
			);
			runOnlyForDeploymentPostprocessing = 0;
		};
/* End PBXFrameworksBuildPhase section */

/* Begin PBXGroup section */
		3E6C941528680A7B0008502A /* Hikes */ = {
			isa = PBXGroup;
			children = (
				3E6C941628680A7B0008502A /* GraphCapsule.swift */,
				3E6C941728680A7B0008502A /* HikeGraph.swift */,
				3E6C941828680A7B0008502A /* HikeDetail.swift */,
				3E6C941928680A7B0008502A /* HikeView.swift */,
				3E6C9411286809B60008502A /* hikeData.json */,
				3E6C941328680A0D0008502A /* Hike.swift */,
			);
			path = Hikes;
			sourceTree = "<group>";
		};
		FF2EC0C72838D3BF00F63936 /* Badges */ = {
			isa = PBXGroup;
			children = (
				FF2EC0C52838CB5700F63936 /* Badge.swift */,
				FF2EC0C32838CB1E00F63936 /* RotatedBadgeSymbol.swift */,
				FF2EC0C12838CA7300F63936 /* BadgeSymbol.swift */,
				FF2EC0BF2838CA1C00F63936 /* BadgeBackground.swift */,
				FF2EC0BD2838C9E100F63936 /* HexagonParameters.swift */,
			);
			path = Badges;
			sourceTree = "<group>";
		};
		FF3363A12817AFCC000368A4 = {
			isa = PBXGroup;
			children = (
				FF3363AC2817AFCC000368A4 /* Landmarks */,
				FF3363AB2817AFCC000368A4 /* Products */,
			);
			sourceTree = "<group>";
		};
		FF3363AB2817AFCC000368A4 /* Products */ = {
			isa = PBXGroup;
			children = (
				FF3363AA2817AFCC000368A4 /* Landmarks.app */,
			);
			name = Products;
			sourceTree = "<group>";
		};
		FF3363AC2817AFCC000368A4 /* Landmarks */ = {
			isa = PBXGroup;
			children = (
				FF3363AD2817AFCC000368A4 /* LandmarksApp.swift */,
				FF3363E12817F158000368A4 /* Views */,
				FF3363E02817F14D000368A4 /* Model */,
				3E6C941528680A7B0008502A /* Hikes */,
				FF3363DF2817F13D000368A4 /* Resources  */,
				FF3363B12817AFD1000368A4 /* Assets.xcassets */,
				FF3363B32817AFD1000368A4 /* Preview Content */,
			);
			path = Landmarks;
			sourceTree = "<group>";
		};
		FF3363B32817AFD1000368A4 /* Preview Content */ = {
			isa = PBXGroup;
			children = (
				FF3363B42817AFD1000368A4 /* Preview Assets.xcassets */,
			);
			path = "Preview Content";
			sourceTree = "<group>";
		};
		FF3363DF2817F13D000368A4 /* Resources  */ = {
			isa = PBXGroup;
			children = (
				FF3363D92817EEE2000368A4 /* landmarkData.json */,
			);
			path = "Resources ";
			sourceTree = "<group>";
		};
		FF3363E02817F14D000368A4 /* Model */ = {
			isa = PBXGroup;
			children = (
				FF3363DD2817F0D5000368A4 /* ModelData.swift */,
				FF3363DB2817EF08000368A4 /* Landmark.swift */,
			);
			path = Model;
			sourceTree = "<group>";
		};
		FF3363E12817F158000368A4 /* Views */ = {
			isa = PBXGroup;
			children = (
				FF3363AF2817AFCC000368A4 /* ContentView.swift */,
				FF7C624B283516AF00B8FFE9 /* Helpers */,
				FF7C624A283516A200B8FFE9 /* Landmarks */,
				FF2EC0C72838D3BF00F63936 /* Badges */,
			);
			path = Views;
			sourceTree = "<group>";
		};
		FF7C624A283516A200B8FFE9 /* Landmarks */ = {
			isa = PBXGroup;
			children = (
				FF3363E22817F214000368A4 /* LandmarkRow.swift */,
				FF3363E42818FA86000368A4 /* LandmarkList.swift */,
				FF3363E62818FBEC000368A4 /* LandmarkDetail.swift */,
			);
			path = Landmarks;
			sourceTree = "<group>";
		};
		FF7C624B283516AF00B8FFE9 /* Helpers */ = {
			isa = PBXGroup;
			children = (
				FF3363BB2817B953000368A4 /* CircleImage.swift */,
				FF3363BD2817CA94000368A4 /* MapView.swift */,
				FF7C62482835156A00B8FFE9 /* FavoriteButton.swift */,
			);
			path = Helpers;
			sourceTree = "<group>";
		};
/* End PBXGroup section */

/* Begin PBXNativeTarget section */
		FF3363A92817AFCC000368A4 /* Landmarks */ = {
			isa = PBXNativeTarget;
			buildConfigurationList = FF3363B82817AFD1000368A4 /* Build configuration list for PBXNativeTarget "Landmarks" */;
			buildPhases = (
				FF3363A62817AFCC000368A4 /* Sources */,
				FF3363A72817AFCC000368A4 /* Frameworks */,
				FF3363A82817AFCC000368A4 /* Resources */,
			);
			buildRules = (
			);
			dependencies = (
			);
			name = Landmarks;
			productName = Landmarks;
			productReference = FF3363AA2817AFCC000368A4 /* Landmarks.app */;
			productType = "com.apple.product-type.application";
		};
/* End PBXNativeTarget section */

/* Begin PBXProject section */
		FF3363A22817AFCC000368A4 /* Project object */ = {
			isa = PBXProject;
			attributes = {
				BuildIndependentTargetsInParallel = 1;
				LastSwiftUpdateCheck = 1320;
				LastUpgradeCheck = 1320;
				TargetAttributes = {
					FF3363A92817AFCC000368A4 = {
						CreatedOnToolsVersion = 13.2.1;
					};
				};
			};
			buildConfigurationList = FF3363A52817AFCC000368A4 /* Build configuration list for PBXProject "Landmarks" */;
			compatibilityVersion = "Xcode 13.0";
			developmentRegion = en;
			hasScannedForEncodings = 0;
			knownRegions = (
				en,
				Base,
			);
			mainGroup = FF3363A12817AFCC000368A4;
			productRefGroup = FF3363AB2817AFCC000368A4 /* Products */;
			projectDirPath = "";
			projectRoot = "";
			targets = (
				FF3363A92817AFCC000368A4 /* Landmarks */,
			);
		};
/* End PBXProject section */

/* Begin PBXResourcesBuildPhase section */
		FF3363A82817AFCC000368A4 /* Resources */ = {
			isa = PBXResourcesBuildPhase;
			buildActionMask = 2147483647;
			files = (
				3E6C9412286809B60008502A /* hikeData.json in Resources */,
				FF3363B52817AFD1000368A4 /* Preview Assets.xcassets in Resources */,
				FF3363B22817AFD1000368A4 /* Assets.xcassets in Resources */,
				FF3363DA2817EEE2000368A4 /* landmarkData.json in Resources */,
			);
			runOnlyForDeploymentPostprocessing = 0;
		};
/* End PBXResourcesBuildPhase section */

/* Begin PBXSourcesBuildPhase section */
		FF3363A62817AFCC000368A4 /* Sources */ = {
			isa = PBXSourcesBuildPhase;
			buildActionMask = 2147483647;
			files = (
				FF3363B02817AFCC000368A4 /* ContentView.swift in Sources */,
				3E6C941B28680A7B0008502A /* HikeGraph.swift in Sources */,
				FF2EC0C62838CB5700F63936 /* Badge.swift in Sources */,
				FF3363BE2817CA94000368A4 /* MapView.swift in Sources */,
				3E6C941A28680A7B0008502A /* GraphCapsule.swift in Sources */,
				FF3363AE2817AFCC000368A4 /* LandmarksApp.swift in Sources */,
				FF7C62492835156A00B8FFE9 /* FavoriteButton.swift in Sources */,
				3E6C941C28680A7B0008502A /* HikeDetail.swift in Sources */,
				FF2EC0BE2838C9E100F63936 /* HexagonParameters.swift in Sources */,
				3E6C941428680A0D0008502A /* Hike.swift in Sources */,
				FF2EC0C42838CB1E00F63936 /* RotatedBadgeSymbol.swift in Sources */,
				FF2EC0C22838CA7300F63936 /* BadgeSymbol.swift in Sources */,
				FF3363E52818FA86000368A4 /* LandmarkList.swift in Sources */,
				3E6C941D28680A7B0008502A /* HikeView.swift in Sources */,
				FF3363E72818FBEC000368A4 /* LandmarkDetail.swift in Sources */,
				FF2EC0C02838CA1C00F63936 /* BadgeBackground.swift in Sources */,
				FF3363BC2817B953000368A4 /* CircleImage.swift in Sources */,
				FF3363DC2817EF08000368A4 /* Landmark.swift in Sources */,
				FF3363E32817F214000368A4 /* LandmarkRow.swift in Sources */,
				FF3363DE2817F0D5000368A4 /* ModelData.swift in Sources */,
			);
			runOnlyForDeploymentPostprocessing = 0;
		};
/* End PBXSourcesBuildPhase section */

/* Begin XCBuildConfiguration section */
		FF3363B62817AFD1000368A4 /* Debug */ = {
			isa = XCBuildConfiguration;
			buildSettings = {
				ALWAYS_SEARCH_USER_PATHS = NO;
				CLANG_ANALYZER_NONNULL = YES;
				CLANG_ANALYZER_NUMBER_OBJECT_CONVERSION = YES_AGGRESSIVE;
				CLANG_CXX_LANGUAGE_STANDARD = "gnu++17";
				CLANG_CXX_LIBRARY = "libc++";
				CLANG_ENABLE_MODULES = YES;
				CLANG_ENABLE_OBJC_ARC = YES;
				CLANG_ENABLE_OBJC_WEAK = YES;
				CLANG_WARN_BLOCK_CAPTURE_AUTORELEASING = YES;
				CLANG_WARN_BOOL_CONVERSION = YES;
				CLANG_WARN_COMMA = YES;
				CLANG_WARN_CONSTANT_CONVERSION = YES;
				CLANG_WARN_DEPRECATED_OBJC_IMPLEMENTATIONS = YES;
				CLANG_WARN_DIRECT_OBJC_ISA_USAGE = YES_ERROR;
				CLANG_WARN_DOCUMENTATION_COMMENTS = YES;
				CLANG_WARN_EMPTY_BODY = YES;
				CLANG_WARN_ENUM_CONVERSION = YES;
				CLANG_WARN_INFINITE_RECURSION = YES;
				CLANG_WARN_INT_CONVERSION = YES;
				CLANG_WARN_NON_LITERAL_NULL_CONVERSION = YES;
				CLANG_WARN_OBJC_IMPLICIT_RETAIN_SELF = YES;
				CLANG_WARN_OBJC_LITERAL_CONVERSION = YES;
				CLANG_WARN_OBJC_ROOT_CLASS = YES_ERROR;
				CLANG_WARN_QUOTED_INCLUDE_IN_FRAMEWORK_HEADER = YES;
				CLANG_WARN_RANGE_LOOP_ANALYSIS = YES;
				CLANG_WARN_STRICT_PROTOTYPES = YES;
				CLANG_WARN_SUSPICIOUS_MOVE = YES;
				CLANG_WARN_UNGUARDED_AVAILABILITY = YES_AGGRESSIVE;
				CLANG_WARN_UNREACHABLE_CODE = YES;
				CLANG_WARN__DUPLICATE_METHOD_MATCH = YES;
				COPY_PHASE_STRIP = NO;
				DEBUG_INFORMATION_FORMAT = dwarf;
				ENABLE_STRICT_OBJC_MSGSEND = YES;
				ENABLE_TESTABILITY = YES;
				GCC_C_LANGUAGE_STANDARD = gnu11;
				GCC_DYNAMIC_NO_PIC = NO;
				GCC_NO_COMMON_BLOCKS = YES;
				GCC_OPTIMIZATION_LEVEL = 0;
				GCC_PREPROCESSOR_DEFINITIONS = (
					"DEBUG=1",
					"$(inherited)",
				);
				GCC_WARN_64_TO_32_BIT_CONVERSION = YES;
				GCC_WARN_ABOUT_RETURN_TYPE = YES_ERROR;
				GCC_WARN_UNDECLARED_SELECTOR = YES;
				GCC_WARN_UNINITIALIZED_AUTOS = YES_AGGRESSIVE;
				GCC_WARN_UNUSED_FUNCTION = YES;
				GCC_WARN_UNUSED_VARIABLE = YES;
				IPHONEOS_DEPLOYMENT_TARGET = 15.2;
				MTL_ENABLE_DEBUG_INFO = INCLUDE_SOURCE;
				MTL_FAST_MATH = YES;
				ONLY_ACTIVE_ARCH = YES;
				SDKROOT = iphoneos;
				SWIFT_ACTIVE_COMPILATION_CONDITIONS = DEBUG;
				SWIFT_OPTIMIZATION_LEVEL = "-Onone";
			};
			name = Debug;
		};
		FF3363B72817AFD1000368A4 /* Release */ = {
			isa = XCBuildConfiguration;
			buildSettings = {
				ALWAYS_SEARCH_USER_PATHS = NO;
				CLANG_ANALYZER_NONNULL = YES;
				CLANG_ANALYZER_NUMBER_OBJECT_CONVERSION = YES_AGGRESSIVE;
				CLANG_CXX_LANGUAGE_STANDARD = "gnu++17";
				CLANG_CXX_LIBRARY = "libc++";
				CLANG_ENABLE_MODULES = YES;
				CLANG_ENABLE_OBJC_ARC = YES;
				CLANG_ENABLE_OBJC_WEAK = YES;
				CLANG_WARN_BLOCK_CAPTURE_AUTORELEASING = YES;
				CLANG_WARN_BOOL_CONVERSION = YES;
				CLANG_WARN_COMMA = YES;
				CLANG_WARN_CONSTANT_CONVERSION = YES;
				CLANG_WARN_DEPRECATED_OBJC_IMPLEMENTATIONS = YES;
				CLANG_WARN_DIRECT_OBJC_ISA_USAGE = YES_ERROR;
				CLANG_WARN_DOCUMENTATION_COMMENTS = YES;
				CLANG_WARN_EMPTY_BODY = YES;
				CLANG_WARN_ENUM_CONVERSION = YES;
				CLANG_WARN_INFINITE_RECURSION = YES;
				CLANG_WARN_INT_CONVERSION = YES;
				CLANG_WARN_NON_LITERAL_NULL_CONVERSION = YES;
				CLANG_WARN_OBJC_IMPLICIT_RETAIN_SELF = YES;
				CLANG_WARN_OBJC_LITERAL_CONVERSION = YES;
				CLANG_WARN_OBJC_ROOT_CLASS = YES_ERROR;
				CLANG_WARN_QUOTED_INCLUDE_IN_FRAMEWORK_HEADER = YES;
				CLANG_WARN_RANGE_LOOP_ANALYSIS = YES;
				CLANG_WARN_STRICT_PROTOTYPES = YES;
				CLANG_WARN_SUSPICIOUS_MOVE = YES;
				CLANG_WARN_UNGUARDED_AVAILABILITY = YES_AGGRESSIVE;
				CLANG_WARN_UNREACHABLE_CODE = YES;
				CLANG_WARN__DUPLICATE_METHOD_MATCH = YES;
				COPY_PHASE_STRIP = NO;
				DEBUG_INFORMATION_FORMAT = "dwarf-with-dsym";
				ENABLE_NS_ASSERTIONS = NO;
				ENABLE_STRICT_OBJC_MSGSEND = YES;
				GCC_C_LANGUAGE_STANDARD = gnu11;
				GCC_NO_COMMON_BLOCKS = YES;
				GCC_WARN_64_TO_32_BIT_CONVERSION = YES;
				GCC_WARN_ABOUT_RETURN_TYPE = YES_ERROR;
				GCC_WARN_UNDECLARED_SELECTOR = YES;
				GCC_WARN_UNINITIALIZED_AUTOS = YES_AGGRESSIVE;
				GCC_WARN_UNUSED_FUNCTION = YES;
				GCC_WARN_UNUSED_VARIABLE = YES;
				IPHONEOS_DEPLOYMENT_TARGET = 15.2;
				MTL_ENABLE_DEBUG_INFO = NO;
				MTL_FAST_MATH = YES;
				SDKROOT = iphoneos;
				SWIFT_COMPILATION_MODE = wholemodule;
				SWIFT_OPTIMIZATION_LEVEL = "-O";
				VALIDATE_PRODUCT = YES;
			};
			name = Release;
		};
		FF3363B92817AFD1000368A4 /* Debug */ = {
			isa = XCBuildConfiguration;
			buildSettings = {
				ASSETCATALOG_COMPILER_APPICON_NAME = AppIcon;
				ASSETCATALOG_COMPILER_GLOBAL_ACCENT_COLOR_NAME = AccentColor;
				CODE_SIGN_STYLE = Automatic;
				CURRENT_PROJECT_VERSION = 1;
				DEVELOPMENT_ASSET_PATHS = "\"Landmarks/Preview Content\"";
				DEVELOPMENT_TEAM = 5Z9KLU67PG;
				ENABLE_PREVIEWS = YES;
				GENERATE_INFOPLIST_FILE = YES;
				INFOPLIST_KEY_UIApplicationSceneManifest_Generation = YES;
				INFOPLIST_KEY_UIApplicationSupportsIndirectInputEvents = YES;
				INFOPLIST_KEY_UILaunchScreen_Generation = YES;
				INFOPLIST_KEY_UISupportedInterfaceOrientations_iPad = "UIInterfaceOrientationPortrait UIInterfaceOrientationPortraitUpsideDown UIInterfaceOrientationLandscapeLeft UIInterfaceOrientationLandscapeRight";
				INFOPLIST_KEY_UISupportedInterfaceOrientations_iPhone = "UIInterfaceOrientationPortrait UIInterfaceOrientationLandscapeLeft UIInterfaceOrientationLandscapeRight";
				LD_RUNPATH_SEARCH_PATHS = (
					"$(inherited)",
					"@executable_path/Frameworks",
				);
				MARKETING_VERSION = 1.0;
				PRODUCT_BUNDLE_IDENTIFIER = com.test.Landmarks;
				PRODUCT_NAME = "$(TARGET_NAME)";
				SWIFT_EMIT_LOC_STRINGS = YES;
				SWIFT_VERSION = 5.0;
				TARGETED_DEVICE_FAMILY = "1,2";
			};
			name = Debug;
		};
		FF3363BA2817AFD1000368A4 /* Release */ = {
			isa = XCBuildConfiguration;
			buildSettings = {
				ASSETCATALOG_COMPILER_APPICON_NAME = AppIcon;
				ASSETCATALOG_COMPILER_GLOBAL_ACCENT_COLOR_NAME = AccentColor;
				CODE_SIGN_STYLE = Automatic;
				CURRENT_PROJECT_VERSION = 1;
				DEVELOPMENT_ASSET_PATHS = "\"Landmarks/Preview Content\"";
				DEVELOPMENT_TEAM = 5Z9KLU67PG;
				ENABLE_PREVIEWS = YES;
				GENERATE_INFOPLIST_FILE = YES;
				INFOPLIST_KEY_UIApplicationSceneManifest_Generation = YES;
				INFOPLIST_KEY_UIApplicationSupportsIndirectInputEvents = YES;
				INFOPLIST_KEY_UILaunchScreen_Generation = YES;
				INFOPLIST_KEY_UISupportedInterfaceOrientations_iPad = "UIInterfaceOrientationPortrait UIInterfaceOrientationPortraitUpsideDown UIInterfaceOrientationLandscapeLeft UIInterfaceOrientationLandscapeRight";
				INFOPLIST_KEY_UISupportedInterfaceOrientations_iPhone = "UIInterfaceOrientationPortrait UIInterfaceOrientationLandscapeLeft UIInterfaceOrientationLandscapeRight";
				LD_RUNPATH_SEARCH_PATHS = (
					"$(inherited)",
					"@executable_path/Frameworks",
				);
				MARKETING_VERSION = 1.0;
				PRODUCT_BUNDLE_IDENTIFIER = com.test.Landmarks;
				PRODUCT_NAME = "$(TARGET_NAME)";
				SWIFT_EMIT_LOC_STRINGS = YES;
				SWIFT_VERSION = 5.0;
				TARGETED_DEVICE_FAMILY = "1,2";
			};
			name = Release;
		};
/* End XCBuildConfiguration section */

/* Begin XCConfigurationList section */
		FF3363A52817AFCC000368A4 /* Build configuration list for PBXProject "Landmarks" */ = {
			isa = XCConfigurationList;
			buildConfigurations = (
				FF3363B62817AFD1000368A4 /* Debug */,
				FF3363B72817AFD1000368A4 /* Release */,
			);
			defaultConfigurationIsVisible = 0;
			defaultConfigurationName = Release;
		};
		FF3363B82817AFD1000368A4 /* Build configuration list for PBXNativeTarget "Landmarks" */ = {
			isa = XCConfigurationList;
			buildConfigurations = (
				FF3363B92817AFD1000368A4 /* Debug */,
				FF3363BA2817AFD1000368A4 /* Release */,
			);
			defaultConfigurationIsVisible = 0;
			defaultConfigurationName = Release;
		};
/* End XCConfigurationList section */
	};
	rootObject = FF3363A22817AFCC000368A4 /* Project object */;
}
